// !$*UTF8*$!
{
	archiveVersion = 1;
	classes = {
	};
	objectVersion = 46;
	objects = {

/* Begin PBXBuildFile section */
		F453F7DF1CDADE75007EBC0B /* testViewController.m in Sources */ = {isa = PBXBuildFile; fileRef = F453F7DD1CDADE75007EBC0B /* testViewController.m */; };
		F453F7E01CDADE75007EBC0B /* testViewController.xib in Resources */ = {isa = PBXBuildFile; fileRef = F453F7DE1CDADE75007EBC0B /* testViewController.xib */; };
		F45AE4991CD9936500B959F9 /* main.m in Sources */ = {isa = PBXBuildFile; fileRef = F45AE4981CD9936500B959F9 /* main.m */; };
		F45AE49C1CD9936500B959F9 /* AppDelegate.m in Sources */ = {isa = PBXBuildFile; fileRef = F45AE49B1CD9936500B959F9 /* AppDelegate.m */; };
		F45AE49F1CD9936500B959F9 /* ViewController.m in Sources */ = {isa = PBXBuildFile; fileRef = F45AE49E1CD9936500B959F9 /* ViewController.m */; };
		F45AE4A21CD9936500B959F9 /* Main.storyboard in Resources */ = {isa = PBXBuildFile; fileRef = F45AE4A01CD9936500B959F9 /* Main.storyboard */; };
		F45AE4A41CD9936500B959F9 /* Assets.xcassets in Resources */ = {isa = PBXBuildFile; fileRef = F45AE4A31CD9936500B959F9 /* Assets.xcassets */; };
		F45AE4A71CD9936500B959F9 /* LaunchScreen.storyboard in Resources */ = {isa = PBXBuildFile; fileRef = F45AE4A51CD9936500B959F9 /* LaunchScreen.storyboard */; };
		F45AE4B31CD9A5A900B959F9 /* LoginViewColorfulWood.framework in Frameworks */ = {isa = PBXBuildFile; fileRef = F45AE4B21CD9A5A900B959F9 /* LoginViewColorfulWood.framework */; };
		F45AE4B71CD9F67C00B959F9 /* VGscoreCardBack.png in Resources */ = {isa = PBXBuildFile; fileRef = F45AE4B61CD9F67B00B959F9 /* VGscoreCardBack.png */; };
/* End PBXBuildFile section */

/* Begin PBXFileReference section */
		F453F7DC1CDADE75007EBC0B /* testViewController.h */ = {isa = PBXFileReference; fileEncoding = 4; lastKnownFileType = sourcecode.c.h; path = testViewController.h; sourceTree = "<group>"; };
		F453F7DD1CDADE75007EBC0B /* testViewController.m */ = {isa = PBXFileReference; fileEncoding = 4; lastKnownFileType = sourcecode.c.objc; path = testViewController.m; sourceTree = "<group>"; };
		F453F7DE1CDADE75007EBC0B /* testViewController.xib */ = {isa = PBXFileReference; fileEncoding = 4; lastKnownFileType = file.xib; path = testViewController.xib; sourceTree = "<group>"; };
		F45AE4941CD9936500B959F9 /* TestLoginViewColorfulWood.app */ = {isa = PBXFileReference; explicitFileType = wrapper.application; includeInIndex = 0; path = TestLoginViewColorfulWood.app; sourceTree = BUILT_PRODUCTS_DIR; };
		F45AE4981CD9936500B959F9 /* main.m */ = {isa = PBXFileReference; lastKnownFileType = sourcecode.c.objc; path = main.m; sourceTree = "<group>"; };
		F45AE49A1CD9936500B959F9 /* AppDelegate.h */ = {isa = PBXFileReference; lastKnownFileType = sourcecode.c.h; path = AppDelegate.h; sourceTree = "<group>"; };
		F45AE49B1CD9936500B959F9 /* AppDelegate.m */ = {isa = PBXFileReference; lastKnownFileType = sourcecode.c.objc; path = AppDelegate.m; sourceTree = "<group>"; };
		F45AE49D1CD9936500B959F9 /* ViewController.h */ = {isa = PBXFileReference; lastKnownFileType = sourcecode.c.h; path = ViewController.h; sourceTree = "<group>"; };
		F45AE49E1CD9936500B959F9 /* ViewController.m */ = {isa = PBXFileReference; lastKnownFileType = sourcecode.c.objc; path = ViewController.m; sourceTree = "<group>"; };
		F45AE4A11CD9936500B959F9 /* Base */ = {isa = PBXFileReference; lastKnownFileType = file.storyboard; name = Base; path = Base.lproj/Main.storyboard; sourceTree = "<group>"; };
		F45AE4A31CD9936500B959F9 /* Assets.xcassets */ = {isa = PBXFileReference; lastKnownFileType = folder.assetcatalog; path = Assets.xcassets; sourceTree = "<group>"; };
		F45AE4A61CD9936500B959F9 /* Base */ = {isa = PBXFileReference; lastKnownFileType = file.storyboard; name = Base; path = Base.lproj/LaunchScreen.storyboard; sourceTree = "<group>"; };
		F45AE4A81CD9936500B959F9 /* Info.plist */ = {isa = PBXFileReference; lastKnownFileType = text.plist.xml; path = Info.plist; sourceTree = "<group>"; };
		F45AE4B21CD9A5A900B959F9 /* LoginViewColorfulWood.framework */ = {isa = PBXFileReference; lastKnownFileType = wrapper.framework; name = LoginViewColorfulWood.framework; path = ../LoginViewColorfulWood/Products/LoginViewColorfulWood.framework; sourceTree = "<group>"; };
		F45AE4B61CD9F67B00B959F9 /* VGscoreCardBack.png */ = {isa = PBXFileReference; lastKnownFileType = image.png; path = VGscoreCardBack.png; sourceTree = "<group>"; };
/* End PBXFileReference section */

/* Begin PBXFrameworksBuildPhase section */
		F45AE4911CD9936500B959F9 /* Frameworks */ = {
			isa = PBXFrameworksBuildPhase;
			buildActionMask = 2147483647;
			files = (
				F45AE4B31CD9A5A900B959F9 /* LoginViewColorfulWood.framework in Frameworks */,
			);
			runOnlyForDeploymentPostprocessing = 0;
		};
/* End PBXFrameworksBuildPhase section */

/* Begin PBXGroup section */
		F45AE48B1CD9936500B959F9 = {
			isa = PBXGroup;
			children = (
				F45AE4961CD9936500B959F9 /* TestLoginViewColorfulWood */,
				F45AE4951CD9936500B959F9 /* Products */,
				F45AE4B21CD9A5A900B959F9 /* LoginViewColorfulWood.framework */,
			);
			sourceTree = "<group>";
		};
		F45AE4951CD9936500B959F9 /* Products */ = {
			isa = PBXGroup;
			children = (
				F45AE4941CD9936500B959F9 /* TestLoginViewColorfulWood.app */,
			);
			name = Products;
			sourceTree = "<group>";
		};
		F45AE4961CD9936500B959F9 /* TestLoginViewColorfulWood */ = {
			isa = PBXGroup;
			children = (
				F45AE49A1CD9936500B959F9 /* AppDelegate.h */,
				F45AE49B1CD9936500B959F9 /* AppDelegate.m */,
				F45AE49D1CD9936500B959F9 /* ViewController.h */,
				F45AE49E1CD9936500B959F9 /* ViewController.m */,
				F45AE4A01CD9936500B959F9 /* Main.storyboard */,
				F45AE4A31CD9936500B959F9 /* Assets.xcassets */,
				F45AE4A51CD9936500B959F9 /* LaunchScreen.storyboard */,
				F45AE4A81CD9936500B959F9 /* Info.plist */,
				F45AE4971CD9936500B959F9 /* Supporting Files */,
				F453F7DC1CDADE75007EBC0B /* testViewController.h */,
				F453F7DD1CDADE75007EBC0B /* testViewController.m */,
				F453F7DE1CDADE75007EBC0B /* testViewController.xib */,
			);
			path = TestLoginViewColorfulWood;
			sourceTree = "<group>";
		};
		F45AE4971CD9936500B959F9 /* Supporting Files */ = {
			isa = PBXGroup;
			children = (
				F45AE4B61CD9F67B00B959F9 /* VGscoreCardBack.png */,
				F45AE4981CD9936500B959F9 /* main.m */,
			);
			name = "Supporting Files";
			sourceTree = "<group>";
		};
/* End PBXGroup section */

/* Begin PBXNativeTarget section */
		F45AE4931CD9936500B959F9 /* TestLoginViewColorfulWood */ = {
			isa = PBXNativeTarget;
			buildConfigurationList = F45AE4AB1CD9936500B959F9 /* Build configuration list for PBXNativeTarget "TestLoginViewColorfulWood" */;
			buildPhases = (
				F45AE4901CD9936500B959F9 /* Sources */,
				F45AE4911CD9936500B959F9 /* Frameworks */,
				F45AE4921CD9936500B959F9 /* Resources */,
			);
			buildRules = (
			);
			dependencies = (
			);
			name = TestLoginViewColorfulWood;
			productName = TestLoginViewColorfulWood;
			productReference = F45AE4941CD9936500B959F9 /* TestLoginViewColorfulWood.app */;
			productType = "com.apple.product-type.application";
		};
/* End PBXNativeTarget section */

/* Begin PBXProject section */
		F45AE48C1CD9936500B959F9 /* Project object */ = {
			isa = PBXProject;
			attributes = {
				LastUpgradeCheck = 0730;
				ORGANIZATIONNAME = gaoshuai;
				TargetAttributes = {
					F45AE4931CD9936500B959F9 = {
						CreatedOnToolsVersion = 7.3;
					};
				};
			};
			buildConfigurationList = F45AE48F1CD9936500B959F9 /* Build configuration list for PBXProject "TestLoginViewColorfulWood" */;
			compatibilityVersion = "Xcode 3.2";
			developmentRegion = English;
			hasScannedForEncodings = 0;
			knownRegions = (
				en,
				Base,
			);
			mainGroup = F45AE48B1CD9936500B959F9;
			productRefGroup = F45AE4951CD9936500B959F9 /* Products */;
			projectDirPath = "";
			projectRoot = "";
			targets = (
				F45AE4931CD9936500B959F9 /* TestLoginViewColorfulWood */,
			);
		};
/* End PBXProject section */

/* Begin PBXResourcesBuildPhase section */
		F45AE4921CD9936500B959F9 /* Resources */ = {
			isa = PBXResourcesBuildPhase;
			buildActionMask = 2147483647;
			files = (
				F45AE4A71CD9936500B959F9 /* LaunchScreen.storyboard in Resources */,
				F45AE4A41CD9936500B959F9 /* Assets.xcassets in Resources */,
				F45AE4B71CD9F67C00B959F9 /* VGscoreCardBack.png in Resources */,
				F45AE4A21CD9936500B959F9 /* Main.storyboard in Resources */,
				F453F7E01CDADE75007EBC0B /* testViewController.xib in Resources */,
			);
			runOnlyForDeploymentPostprocessing = 0;
		};
/* End PBXResourcesBuildPhase section */

/* Begin PBXSourcesBuildPhase section */
		F45AE4901CD9936500B959F9 /* Sources */ = {
			isa = PBXSourcesBuildPhase;
			buildActionMask = 2147483647;
			files = (
				F45AE49F1CD9936500B959F9 /* ViewController.m in Sources */,
				F45AE49C1CD9936500B959F9 /* AppDelegate.m in Sources */,
				F453F7DF1CDADE75007EBC0B /* testViewController.m in Sources */,
				F45AE4991CD9936500B959F9 /* main.m in Sources */,
			);
			runOnlyForDeploymentPostprocessing = 0;
		};
/* End PBXSourcesBuildPhase section */

/* Begin PBXVariantGroup section */
		F45AE4A01CD9936500B959F9 /* Main.storyboard */ = {
			isa = PBXVariantGroup;
			children = (
				F45AE4A11CD9936500B959F9 /* Base */,
			);
			name = Main.storyboard;
			sourceTree = "<group>";
		};
		F45AE4A51CD9936500B959F9 /* LaunchScreen.storyboard */ = {
			isa = PBXVariantGroup;
			children = (
				F45AE4A61CD9936500B959F9 /* Base */,
			);
			name = LaunchScreen.storyboard;
			sourceTree = "<group>";
		};
/* End PBXVariantGroup section */

/* Begin XCBuildConfiguration section */
		F45AE4A91CD9936500B959F9 /* Debug */ = {
			isa = XCBuildConfiguration;
			buildSettings = {
				ALWAYS_SEARCH_USER_PATHS = NO;
				CLANG_ANALYZER_NONNULL = YES;
				CLANG_CXX_LANGUAGE_STANDARD = "gnu++0x";
				CLANG_CXX_LIBRARY = "libc++";
				CLANG_ENABLE_MODULES = YES;
				CLANG_ENABLE_OBJC_ARC = YES;
				CLANG_WARN_BOOL_CONVERSION = YES;
				CLANG_WARN_CONSTANT_CONVERSION = YES;
				CLANG_WARN_DIRECT_OBJC_ISA_USAGE = YES_ERROR;
				CLANG_WARN_EMPTY_BODY = YES;
				CLANG_WARN_ENUM_CONVERSION = YES;
				CLANG_WARN_INT_CONVERSION = YES;
				CLANG_WARN_OBJC_ROOT_CLASS = YES_ERROR;
				CLANG_WARN_UNREACHABLE_CODE = YES;
				CLANG_WARN__DUPLICATE_METHOD_MATCH = YES;
				"CODE_SIGN_IDENTITY[sdk=iphoneos*]" = "iPhone Developer";
				COPY_PHASE_STRIP = NO;
				DEBUG_INFORMATION_FORMAT = dwarf;
				ENABLE_STRICT_OBJC_MSGSEND = YES;
				ENABLE_TESTABILITY = YES;
				GCC_C_LANGUAGE_STANDARD = gnu99;
				GCC_DYNAMIC_NO_PIC = NO;
				GCC_NO_COMMON_BLOCKS = YES;
				GCC_OPTIMIZATION_LEVEL = 0;
				GCC_PREPROCESSOR_DEFINITIONS = (
					"DEBUG=1",
					"$(inherited)",
				);
				GCC_WARN_64_TO_32_BIT_CONVERSION = YES;
				GCC_WARN_ABOUT_RETURN_TYPE = YES_ERROR;
				GCC_WARN_UNDECLARED_SELECTOR = YES;
				GCC_WARN_UNINITIALIZED_AUTOS = YES_AGGRESSIVE;
				GCC_WARN_UNUSED_FUNCTION = YES;
				GCC_WARN_UNUSED_VARIABLE = YES;
				IPHONEOS_DEPLOYMENT_TARGET = 7.0;
				MTL_ENABLE_DEBUG_INFO = YES;
				ONLY_ACTIVE_ARCH = YES;
				SDKROOT = iphoneos;
				TARGETED_DEVICE_FAMILY = "1,2";
			};
			name = Debug;
		};
		F45AE4AA1CD9936500B959F9 /* Release */ = {
			isa = XCBuildConfiguration;
			buildSettings = {
				ALWAYS_SEARCH_USER_PATHS = NO;
				CLANG_ANALYZER_NONNULL = YES;
				CLANG_CXX_LANGUAGE_STANDARD = "gnu++0x";
				CLANG_CXX_LIBRARY = "libc++";
				CLANG_ENABLE_MODULES = YES;
				CLANG_ENABLE_OBJC_ARC = YES;
				CLANG_WARN_BOOL_CONVERSION = YES;
				CLANG_WARN_CONSTANT_CONVERSION = YES;
				CLANG_WARN_DIRECT_OBJC_ISA_USAGE = YES_ERROR;
				CLANG_WARN_EMPTY_BODY = YES;
				CLANG_WARN_ENUM_CONVERSION = YES;
				CLANG_WARN_INT_CONVERSION = YES;
				CLANG_WARN_OBJC_ROOT_CLASS = YES_ERROR;
				CLANG_WARN_UNREACHABLE_CODE = YES;
				CLANG_WARN__DUPLICATE_METHOD_MATCH = YES;
				"CODE_SIGN_IDENTITY[sdk=iphoneos*]" = "iPhone Developer";
				COPY_PHASE_STRIP = NO;
				DEBUG_INFORMATION_FORMAT = "dwarf-with-dsym";
				ENABLE_NS_ASSERTIONS = NO;
				ENABLE_STRICT_OBJC_MSGSEND = YES;
				GCC_C_LANGUAGE_STANDARD = gnu99;
				GCC_NO_COMMON_BLOCKS = YES;
				GCC_WARN_64_TO_32_BIT_CONVERSION = YES;
				GCC_WARN_ABOUT_RETURN_TYPE = YES_ERROR;
				GCC_WARN_UNDECLARED_SELECTOR = YES;
				GCC_WARN_UNINITIALIZED_AUTOS = YES_AGGRESSIVE;
				GCC_WARN_UNUSED_FUNCTION = YES;
				GCC_WARN_UNUSED_VARIABLE = YES;
				IPHONEOS_DEPLOYMENT_TARGET = 7.0;
				MTL_ENABLE_DEBUG_INFO = NO;
				SDKROOT = iphoneos;
				TARGETED_DEVICE_FAMILY = "1,2";
				VALIDATE_PRODUCT = YES;
			};
			name = Release;
		};
		F45AE4AC1CD9936500B959F9 /* Debug */ = {
			isa = XCBuildConfiguration;
			buildSettings = {
				ASSETCATALOG_COMPILER_APPICON_NAME = AppIcon;
				INFOPLIST_FILE = TestLoginViewColorfulWood/Info.plist;
				LD_RUNPATH_SEARCH_PATHS = "$(inherited) @executable_path/Frameworks";
				PRODUCT_BUNDLE_IDENTIFIER = com.wood.TestLoginViewColorfulWood;
				PRODUCT_NAME = "$(TARGET_NAME)";
			};
			name = Debug;
		};
		F45AE4AD1CD9936500B959F9 /* Release */ = {
			isa = XCBuildConfiguration;
			buildSettings = {
				ASSETCATALOG_COMPILER_APPICON_NAME = AppIcon;
				INFOPLIST_FILE = TestLoginViewColorfulWood/Info.plist;
				LD_RUNPATH_SEARCH_PATHS = "$(inherited) @executable_path/Frameworks";
				PRODUCT_BUNDLE_IDENTIFIER = com.wood.TestLoginViewColorfulWood;
				PRODUCT_NAME = "$(TARGET_NAME)";
			};
			name = Release;
		};
/* End XCBuildConfiguration section */

/* Begin XCConfigurationList section */
		F45AE48F1CD9936500B959F9 /* Build configuration list for PBXProject "TestLoginViewColorfulWood" */ = {
			isa = XCConfigurationList;
			buildConfigurations = (
				F45AE4A91CD9936500B959F9 /* Debug */,
				F45AE4AA1CD9936500B959F9 /* Release */,
			);
			defaultConfigurationIsVisible = 0;
			defaultConfigurationName = Release;
		};
		F45AE4AB1CD9936500B959F9 /* Build configuration list for PBXNativeTarget "TestLoginViewColorfulWood" */ = {
			isa = XCConfigurationList;
			buildConfigurations = (
				F45AE4AC1CD9936500B959F9 /* Debug */,
				F45AE4AD1CD9936500B959F9 /* Release */,
			);
			defaultConfigurationIsVisible = 0;
			defaultConfigurationName = Release;
		};
/* End XCConfigurationList section */
	};
	rootObject = F45AE48C1CD9936500B959F9 /* Project object */;
}
